
Microsoft Visual Studio Solution File, Format Version 12.00
# Visual Studio Version 17
VisualStudioVersion = 17.9.34728.123
MinimumVisualStudioVersion = 10.0.40219.1
Project("{2150E333-8FDC-42A3-9474-1A3956D46DE8}") = "src", "src", "{8B40BAD1-D190-4014-A597-7A17D87E3A39}"
EndProject
Project("{2150E333-8FDC-42A3-9474-1A3956D46DE8}") = "tests", "tests", "{52F3658A-2C5D-41DB-89A5-0F0AFF00E08D}"
EndProject
Project("{9A19103F-16F7-4668-BE54-9A1E7A4F7556}") = "MarsRover", "src\MarsRover.csproj", "{8E58882C-704D-424A-A3A4-184BA0B210D5}"
EndProject
Project("{FAE04EC0-301F-11D3-BF4B-00C04F79EFBC}") = "MarsRover.Tests", "tests\MarsRover.Tests\MarsRover.Tests.csproj", "{44C12547-EC0E-4A0C-80B7-3C15B40FCC00}"
EndProject
Global
	GlobalSection(SolutionConfigurationPlatforms) = preSolution
		Debug|Any CPU = Debug|Any CPU
		Release|Any CPU = Release|Any CPU
	EndGlobalSection
	GlobalSection(ProjectConfigurationPlatforms) = postSolution
		{8E58882C-704D-424A-A3A4-184BA0B210D5}.Debug|Any CPU.ActiveCfg = Debug|Any CPU
		{8E58882C-704D-424A-A3A4-184BA0B210D5}.Debug|Any CPU.Build.0 = Debug|Any CPU
		{8E58882C-704D-424A-A3A4-184BA0B210D5}.Release|Any CPU.ActiveCfg = Release|Any CPU
		{8E58882C-704D-424A-A3A4-184BA0B210D5}.Release|Any CPU.Build.0 = Release|Any CPU
		{44C12547-EC0E-4A0C-80B7-3C15B40FCC00}.Debug|Any CPU.ActiveCfg = Debug|Any CPU
		{44C12547-EC0E-4A0C-80B7-3C15B40FCC00}.Debug|Any CPU.Build.0 = Debug|Any CPU
		{44C12547-EC0E-4A0C-80B7-3C15B40FCC00}.Release|Any CPU.ActiveCfg = Release|Any CPU
		{44C12547-EC0E-4A0C-80B7-3C15B40FCC00}.Release|Any CPU.Build.0 = Release|Any CPU
	EndGlobalSection
	GlobalSection(SolutionProperties) = preSolution
		HideSolutionNode = FALSE
	EndGlobalSection
	GlobalSection(NestedProjects) = preSolution
		{8E58882C-704D-424A-A3A4-184BA0B210D5} = {8B40BAD1-D190-4014-A597-7A17D87E3A39}
		{44C12547-EC0E-4A0C-80B7-3C15B40FCC00} = {52F3658A-2C5D-41DB-89A5-0F0AFF00E08D}
	EndGlobalSection
	GlobalSection(ExtensibilityGlobals) = postSolution
		SolutionGuid = {BE2C5AF8-D64D-4A64-BE71-AB0AD64278A3}
	EndGlobalSection
EndGlobal
